
Microsoft Visual Studio Solution File, Format Version 12.00
# Visual Studio Version 16
VisualStudioVersion = 16.0.31005.135
MinimumVisualStudioVersion = 10.0.40219.1
Project("{FAE04EC0-301F-11D3-BF4B-00C04F79EFBC}") = "PrimenumberAssignment", "PrimenumberAssignment\PrimenumberAssignment.csproj", "{1047DBDC-8BAE-4278-8174-E20D067F246B}"
EndProject
Global
	GlobalSection(SolutionConfigurationPlatforms) = preSolution
		Debug|Any CPU = Debug|Any CPU
		Release|Any CPU = Release|Any CPU
	EndGlobalSection
	GlobalSection(ProjectConfigurationPlatforms) = postSolution
		{1047DBDC-8BAE-4278-8174-E20D067F246B}.Debug|Any CPU.ActiveCfg = Debug|Any CPU
		{1047DBDC-8BAE-4278-8174-E20D067F246B}.Debug|Any CPU.Build.0 = Debug|Any CPU
		{1047DBDC-8BAE-4278-8174-E20D067F246B}.Release|Any CPU.ActiveCfg = Release|Any CPU
		{1047DBDC-8BAE-4278-8174-E20D067F246B}.Release|Any CPU.Build.0 = Release|Any CPU
	EndGlobalSection
	GlobalSection(SolutionProperties) = preSolution
		HideSolutionNode = FALSE
	EndGlobalSection
	GlobalSection(ExtensibilityGlobals) = postSolution
		SolutionGuid = {C9BD323E-A004-4CCD-B007-92E62E8E3590}
	EndGlobalSection
EndGlobal
